
Microsoft Visual Studio Solution File, Format Version 12.00
# Visual Studio Version 16
VisualStudioVersion = 16.0.29709.97
MinimumVisualStudioVersion = 10.0.40219.1
Project("{FAE04EC0-301F-11D3-BF4B-00C04F79EFBC}") = "MimicAPI", "MimicAPI\MimicAPI.csproj", "{2E058EE8-5A0E-4A51-87A5-41DA907D14DA}"
EndProject
Global
	GlobalSection(SolutionConfigurationPlatforms) = preSolution
		Debug|Any CPU = Debug|Any CPU
		Release|Any CPU = Release|Any CPU
	EndGlobalSection
	GlobalSection(ProjectConfigurationPlatforms) = postSolution
		{2E058EE8-5A0E-4A51-87A5-41DA907D14DA}.Debug|Any CPU.ActiveCfg = Debug|Any CPU
		{2E058EE8-5A0E-4A51-87A5-41DA907D14DA}.Debug|Any CPU.Build.0 = Debug|Any CPU
		{2E058EE8-5A0E-4A51-87A5-41DA907D14DA}.Release|Any CPU.ActiveCfg = Release|Any CPU
		{2E058EE8-5A0E-4A51-87A5-41DA907D14DA}.Release|Any CPU.Build.0 = Release|Any CPU
	EndGlobalSection
	GlobalSection(SolutionProperties) = preSolution
		HideSolutionNode = FALSE
	EndGlobalSection
	GlobalSection(ExtensibilityGlobals) = postSolution
		SolutionGuid = {03FB9C30-59A9-464C-8DF5-80BA5D8E485B}
	EndGlobalSection
EndGlobal
